
Microsoft Visual Studio Solution File, Format Version 12.00
# Visual Studio 2012
Project("{FAE04EC0-301F-11D3-BF4B-00C04F79EFBC}") = "UI", "UI\UI.csproj", "{1C3E6588-0BB0-4971-BD35-523101F032AD}"
EndProject
Project("{FAE04EC0-301F-11D3-BF4B-00C04F79EFBC}") = "DAL", "DAL\DAL.csproj", "{23ADE17D-BD76-45A6-B734-556B61FED039}"
EndProject
Project("{FAE04EC0-301F-11D3-BF4B-00C04F79EFBC}") = "Common", "Common\Common.csproj", "{0823F9A4-E00C-48E7-BE75-C2D1611230CF}"
EndProject
Project("{FAE04EC0-301F-11D3-BF4B-00C04F79EFBC}") = "Tests", "Tests\Tests.csproj", "{00FB8EAA-6E2A-4D05-85C2-9A559EC1BB99}"
EndProject
Project("{FAE04EC0-301F-11D3-BF4B-00C04F79EFBC}") = "Services", "Services\Services.csproj", "{35BF66FD-2704-4864-985F-25588FF633B3}"
EndProject
Global
	GlobalSection(SolutionConfigurationPlatforms) = preSolution
		Debug|Any CPU = Debug|Any CPU
		Release|Any CPU = Release|Any CPU
	EndGlobalSection
	GlobalSection(ProjectConfigurationPlatforms) = postSolution
		{1C3E6588-0BB0-4971-BD35-523101F032AD}.Debug|Any CPU.ActiveCfg = Debug|Any CPU
		{1C3E6588-0BB0-4971-BD35-523101F032AD}.Debug|Any CPU.Build.0 = Debug|Any CPU
		{1C3E6588-0BB0-4971-BD35-523101F032AD}.Release|Any CPU.ActiveCfg = Release|Any CPU
		{1C3E6588-0BB0-4971-BD35-523101F032AD}.Release|Any CPU.Build.0 = Release|Any CPU
		{23ADE17D-BD76-45A6-B734-556B61FED039}.Debug|Any CPU.ActiveCfg = Debug|Any CPU
		{23ADE17D-BD76-45A6-B734-556B61FED039}.Debug|Any CPU.Build.0 = Debug|Any CPU
		{23ADE17D-BD76-45A6-B734-556B61FED039}.Release|Any CPU.ActiveCfg = Release|Any CPU
		{23ADE17D-BD76-45A6-B734-556B61FED039}.Release|Any CPU.Build.0 = Release|Any CPU
		{0823F9A4-E00C-48E7-BE75-C2D1611230CF}.Debug|Any CPU.ActiveCfg = Debug|Any CPU
		{0823F9A4-E00C-48E7-BE75-C2D1611230CF}.Debug|Any CPU.Build.0 = Debug|Any CPU
		{0823F9A4-E00C-48E7-BE75-C2D1611230CF}.Release|Any CPU.ActiveCfg = Release|Any CPU
		{0823F9A4-E00C-48E7-BE75-C2D1611230CF}.Release|Any CPU.Build.0 = Release|Any CPU
		{00FB8EAA-6E2A-4D05-85C2-9A559EC1BB99}.Debug|Any CPU.ActiveCfg = Debug|Any CPU
		{00FB8EAA-6E2A-4D05-85C2-9A559EC1BB99}.Debug|Any CPU.Build.0 = Debug|Any CPU
		{00FB8EAA-6E2A-4D05-85C2-9A559EC1BB99}.Release|Any CPU.ActiveCfg = Release|Any CPU
		{00FB8EAA-6E2A-4D05-85C2-9A559EC1BB99}.Release|Any CPU.Build.0 = Release|Any CPU
		{35BF66FD-2704-4864-985F-25588FF633B3}.Debug|Any CPU.ActiveCfg = Debug|Any CPU
		{35BF66FD-2704-4864-985F-25588FF633B3}.Debug|Any CPU.Build.0 = Debug|Any CPU
		{35BF66FD-2704-4864-985F-25588FF633B3}.Release|Any CPU.ActiveCfg = Release|Any CPU
		{35BF66FD-2704-4864-985F-25588FF633B3}.Release|Any CPU.Build.0 = Release|Any CPU
	EndGlobalSection
	GlobalSection(SolutionProperties) = preSolution
		HideSolutionNode = FALSE
	EndGlobalSection
EndGlobal
